
Microsoft Visual Studio Solution File, Format Version 12.00
# Visual Studio Version 17
VisualStudioVersion = 17.10.35122.118
MinimumVisualStudioVersion = 10.0.40219.1
Project("{FAE04EC0-301F-11D3-BF4B-00C04F79EFBC}") = "BikeStores.API", "BikeStores.API\BikeStores.API.csproj", "{B4B16EBB-3E5D-406D-9EAC-CB5D40254EEC}"
EndProject
Project("{FAE04EC0-301F-11D3-BF4B-00C04F79EFBC}") = "BikeStores.Domain", "BikeStores.Domain\BikeStores.Domain.csproj", "{6F15A4B0-8444-4A6C-94D7-DBC397C2799B}"
EndProject
Project("{FAE04EC0-301F-11D3-BF4B-00C04F79EFBC}") = "BikeStores.Infrastructure", "BikeStores.Infrastructure\BikeStores.Infrastructure.csproj", "{4523E7D6-DBB3-4576-9039-1FF7B74B1A4F}"
EndProject
Project("{FAE04EC0-301F-11D3-BF4B-00C04F79EFBC}") = "BikeStores.Application", "BikeStores.Application\BikeStores.Application.csproj", "{D322458E-8445-4D76-BF69-85D9560BD781}"
EndProject
Global
	GlobalSection(SolutionConfigurationPlatforms) = preSolution
		Debug|Any CPU = Debug|Any CPU
		Release|Any CPU = Release|Any CPU
	EndGlobalSection
	GlobalSection(ProjectConfigurationPlatforms) = postSolution
		{B4B16EBB-3E5D-406D-9EAC-CB5D40254EEC}.Debug|Any CPU.ActiveCfg = Debug|Any CPU
		{B4B16EBB-3E5D-406D-9EAC-CB5D40254EEC}.Debug|Any CPU.Build.0 = Debug|Any CPU
		{B4B16EBB-3E5D-406D-9EAC-CB5D40254EEC}.Release|Any CPU.ActiveCfg = Release|Any CPU
		{B4B16EBB-3E5D-406D-9EAC-CB5D40254EEC}.Release|Any CPU.Build.0 = Release|Any CPU
		{6F15A4B0-8444-4A6C-94D7-DBC397C2799B}.Debug|Any CPU.ActiveCfg = Debug|Any CPU
		{6F15A4B0-8444-4A6C-94D7-DBC397C2799B}.Debug|Any CPU.Build.0 = Debug|Any CPU
		{6F15A4B0-8444-4A6C-94D7-DBC397C2799B}.Release|Any CPU.ActiveCfg = Release|Any CPU
		{6F15A4B0-8444-4A6C-94D7-DBC397C2799B}.Release|Any CPU.Build.0 = Release|Any CPU
		{4523E7D6-DBB3-4576-9039-1FF7B74B1A4F}.Debug|Any CPU.ActiveCfg = Debug|Any CPU
		{4523E7D6-DBB3-4576-9039-1FF7B74B1A4F}.Debug|Any CPU.Build.0 = Debug|Any CPU
		{4523E7D6-DBB3-4576-9039-1FF7B74B1A4F}.Release|Any CPU.ActiveCfg = Release|Any CPU
		{4523E7D6-DBB3-4576-9039-1FF7B74B1A4F}.Release|Any CPU.Build.0 = Release|Any CPU
		{D322458E-8445-4D76-BF69-85D9560BD781}.Debug|Any CPU.ActiveCfg = Debug|Any CPU
		{D322458E-8445-4D76-BF69-85D9560BD781}.Debug|Any CPU.Build.0 = Debug|Any CPU
		{D322458E-8445-4D76-BF69-85D9560BD781}.Release|Any CPU.ActiveCfg = Release|Any CPU
		{D322458E-8445-4D76-BF69-85D9560BD781}.Release|Any CPU.Build.0 = Release|Any CPU
	EndGlobalSection
	GlobalSection(SolutionProperties) = preSolution
		HideSolutionNode = FALSE
	EndGlobalSection
	GlobalSection(ExtensibilityGlobals) = postSolution
		SolutionGuid = {8BF8BA25-42A8-466A-A681-D3F9299AE88E}
	EndGlobalSection
EndGlobal
